
Microsoft Visual Studio Solution File, Format Version 12.00
# Visual Studio Version 16
VisualStudioVersion = 16.0.29215.179
MinimumVisualStudioVersion = 10.0.40219.1
Project("{9A19103F-16F7-4668-BE54-9A1E7A4F7556}") = "LearningEnglishWeb", "Web\LearningEnglishWeb\LearningEnglishWeb.csproj", "{0F5EAE22-BF87-4C41-9365-06F0C1188703}"
EndProject
Project("{9A19103F-16F7-4668-BE54-9A1E7A4F7556}") = "LearningEnglishSpa", "Web\LearningEnglishSpa\LearningEnglishSpa.csproj", "{BF08C5CC-A481-4EE8-883D-65BD51B75EE3}"
EndProject
Project("{2150E333-8FDC-42A3-9474-1A3956D46DE8}") = "Services", "Services", "{E3F07447-75A8-4114-8D6F-10E3C548EE6E}"
EndProject
Project("{9A19103F-16F7-4668-BE54-9A1E7A4F7556}") = "VocabularyApi", "Services\VocabularyApi\VocabularyApi.csproj", "{FE5A8C81-A7FC-47FB-96C5-A38BABCB818F}"
EndProject
Project("{FAE04EC0-301F-11D3-BF4B-00C04F79EFBC}") = "SpeechApi", "Services\SpeachApi\SpeechApi.csproj", "{5EF5306F-C509-4681-926E-3A24ABFDC89A}"
EndProject
Project("{9A19103F-16F7-4668-BE54-9A1E7A4F7556}") = "IdentityApi", "Services\IdentityApi\IdentityApi.csproj", "{639E4917-8752-4959-9F92-5AAEB2921E7A}"
EndProject
Project("{9A19103F-16F7-4668-BE54-9A1E7A4F7556}") = "Data.Core", "Shared\Data.Core\Data.Core.csproj", "{04AB29E6-F3D7-4898-A6A7-7DDF9DDA782D}"
EndProject
Project("{2150E333-8FDC-42A3-9474-1A3956D46DE8}") = "Tests", "Tests", "{8391949A-B6C0-473A-A463-5FFBD0DE730E}"
EndProject
Project("{FAE04EC0-301F-11D3-BF4B-00C04F79EFBC}") = "SpeechApi.UnitTests", "Tests\SpeechApi.UnitTests\SpeechApi.UnitTests.csproj", "{8A883F90-3643-4D30-8934-C40E000C86EE}"
EndProject
Project("{2150E333-8FDC-42A3-9474-1A3956D46DE8}") = "Mobile Apps", "Mobile Apps", "{5E9BDB64-40C4-4399-B6A0-260E43947229}"
EndProject
Project("{2150E333-8FDC-42A3-9474-1A3956D46DE8}") = "Shared Code", "Shared Code", "{CA3C4482-7A36-4D0D-BA87-651E46FD48DD}"
EndProject
Project("{2150E333-8FDC-42A3-9474-1A3956D46DE8}") = "Targets", "Targets", "{DB2ACCE3-BB34-4BB8-8396-5C36164990B4}"
EndProject
Project("{FAE04EC0-301F-11D3-BF4B-00C04F79EFBC}") = "LearningEnglishMobile.Android", "Mobile\LearningEnglishMobile\LearningEnglishMobile.Android\LearningEnglishMobile.Android.csproj", "{4232765A-86C0-443F-8810-63A503EF8126}"
EndProject
Project("{FAE04EC0-301F-11D3-BF4B-00C04F79EFBC}") = "LearningEnglishMobile.iOS", "Mobile\LearningEnglishMobile\LearningEnglishMobile.iOS\LearningEnglishMobile.iOS.csproj", "{D68BD730-E418-4E25-AD03-103A79F5BE97}"
EndProject
Project("{9A19103F-16F7-4668-BE54-9A1E7A4F7556}") = "LearningEnglishMobile.Core", "Mobile\LearningEnglishMobile\LearningEnglishMobile.Core\LearningEnglishMobile.Core.csproj", "{02000F21-5ACF-4D06-B576-64C7CA5DD09E}"
EndProject
Project("{2150E333-8FDC-42A3-9474-1A3956D46DE8}") = "Web Apps", "Web Apps", "{0282F530-9A88-421D-A533-343A2CB14A48}"
EndProject
Project("{2150E333-8FDC-42A3-9474-1A3956D46DE8}") = "Shared", "Shared", "{7171C073-4B41-40EA-A76E-31CB251CD998}"
EndProject
Global
	GlobalSection(SolutionConfigurationPlatforms) = preSolution
		Debug|Any CPU = Debug|Any CPU
		Debug|iPhone = Debug|iPhone
		Debug|iPhoneSimulator = Debug|iPhoneSimulator
		Release|Any CPU = Release|Any CPU
		Release|iPhone = Release|iPhone
		Release|iPhoneSimulator = Release|iPhoneSimulator
	EndGlobalSection
	GlobalSection(ProjectConfigurationPlatforms) = postSolution
		{0F5EAE22-BF87-4C41-9365-06F0C1188703}.Debug|Any CPU.ActiveCfg = Debug|Any CPU
		{0F5EAE22-BF87-4C41-9365-06F0C1188703}.Debug|Any CPU.Build.0 = Debug|Any CPU
		{0F5EAE22-BF87-4C41-9365-06F0C1188703}.Debug|iPhone.ActiveCfg = Debug|Any CPU
		{0F5EAE22-BF87-4C41-9365-06F0C1188703}.Debug|iPhone.Build.0 = Debug|Any CPU
		{0F5EAE22-BF87-4C41-9365-06F0C1188703}.Debug|iPhoneSimulator.ActiveCfg = Debug|Any CPU
		{0F5EAE22-BF87-4C41-9365-06F0C1188703}.Debug|iPhoneSimulator.Build.0 = Debug|Any CPU
		{0F5EAE22-BF87-4C41-9365-06F0C1188703}.Release|Any CPU.ActiveCfg = Release|Any CPU
		{0F5EAE22-BF87-4C41-9365-06F0C1188703}.Release|Any CPU.Build.0 = Release|Any CPU
		{0F5EAE22-BF87-4C41-9365-06F0C1188703}.Release|iPhone.ActiveCfg = Release|Any CPU
		{0F5EAE22-BF87-4C41-9365-06F0C1188703}.Release|iPhone.Build.0 = Release|Any CPU
		{0F5EAE22-BF87-4C41-9365-06F0C1188703}.Release|iPhoneSimulator.ActiveCfg = Release|Any CPU
		{0F5EAE22-BF87-4C41-9365-06F0C1188703}.Release|iPhoneSimulator.Build.0 = Release|Any CPU
		{BF08C5CC-A481-4EE8-883D-65BD51B75EE3}.Debug|Any CPU.ActiveCfg = Debug|Any CPU
		{BF08C5CC-A481-4EE8-883D-65BD51B75EE3}.Debug|Any CPU.Build.0 = Debug|Any CPU
		{BF08C5CC-A481-4EE8-883D-65BD51B75EE3}.Debug|iPhone.ActiveCfg = Debug|Any CPU
		{BF08C5CC-A481-4EE8-883D-65BD51B75EE3}.Debug|iPhone.Build.0 = Debug|Any CPU
		{BF08C5CC-A481-4EE8-883D-65BD51B75EE3}.Debug|iPhoneSimulator.ActiveCfg = Debug|Any CPU
		{BF08C5CC-A481-4EE8-883D-65BD51B75EE3}.Debug|iPhoneSimulator.Build.0 = Debug|Any CPU
		{BF08C5CC-A481-4EE8-883D-65BD51B75EE3}.Release|Any CPU.ActiveCfg = Release|Any CPU
		{BF08C5CC-A481-4EE8-883D-65BD51B75EE3}.Release|Any CPU.Build.0 = Release|Any CPU
		{BF08C5CC-A481-4EE8-883D-65BD51B75EE3}.Release|iPhone.ActiveCfg = Release|Any CPU
		{BF08C5CC-A481-4EE8-883D-65BD51B75EE3}.Release|iPhone.Build.0 = Release|Any CPU
		{BF08C5CC-A481-4EE8-883D-65BD51B75EE3}.Release|iPhoneSimulator.ActiveCfg = Release|Any CPU
		{BF08C5CC-A481-4EE8-883D-65BD51B75EE3}.Release|iPhoneSimulator.Build.0 = Release|Any CPU
		{FE5A8C81-A7FC-47FB-96C5-A38BABCB818F}.Debug|Any CPU.ActiveCfg = Debug|Any CPU
		{FE5A8C81-A7FC-47FB-96C5-A38BABCB818F}.Debug|Any CPU.Build.0 = Debug|Any CPU
		{FE5A8C81-A7FC-47FB-96C5-A38BABCB818F}.Debug|iPhone.ActiveCfg = Debug|Any CPU
		{FE5A8C81-A7FC-47FB-96C5-A38BABCB818F}.Debug|iPhone.Build.0 = Debug|Any CPU
		{FE5A8C81-A7FC-47FB-96C5-A38BABCB818F}.Debug|iPhoneSimulator.ActiveCfg = Debug|Any CPU
		{FE5A8C81-A7FC-47FB-96C5-A38BABCB818F}.Debug|iPhoneSimulator.Build.0 = Debug|Any CPU
		{FE5A8C81-A7FC-47FB-96C5-A38BABCB818F}.Release|Any CPU.ActiveCfg = Release|Any CPU
		{FE5A8C81-A7FC-47FB-96C5-A38BABCB818F}.Release|Any CPU.Build.0 = Release|Any CPU
		{FE5A8C81-A7FC-47FB-96C5-A38BABCB818F}.Release|iPhone.ActiveCfg = Release|Any CPU
		{FE5A8C81-A7FC-47FB-96C5-A38BABCB818F}.Release|iPhone.Build.0 = Release|Any CPU
		{FE5A8C81-A7FC-47FB-96C5-A38BABCB818F}.Release|iPhoneSimulator.ActiveCfg = Release|Any CPU
		{FE5A8C81-A7FC-47FB-96C5-A38BABCB818F}.Release|iPhoneSimulator.Build.0 = Release|Any CPU
		{5EF5306F-C509-4681-926E-3A24ABFDC89A}.Debug|Any CPU.ActiveCfg = Debug|Any CPU
		{5EF5306F-C509-4681-926E-3A24ABFDC89A}.Debug|Any CPU.Build.0 = Debug|Any CPU
		{5EF5306F-C509-4681-926E-3A24ABFDC89A}.Debug|iPhone.ActiveCfg = Debug|Any CPU
		{5EF5306F-C509-4681-926E-3A24ABFDC89A}.Debug|iPhone.Build.0 = Debug|Any CPU
		{5EF5306F-C509-4681-926E-3A24ABFDC89A}.Debug|iPhoneSimulator.ActiveCfg = Debug|Any CPU
		{5EF5306F-C509-4681-926E-3A24ABFDC89A}.Debug|iPhoneSimulator.Build.0 = Debug|Any CPU
		{5EF5306F-C509-4681-926E-3A24ABFDC89A}.Release|Any CPU.ActiveCfg = Release|Any CPU
		{5EF5306F-C509-4681-926E-3A24ABFDC89A}.Release|Any CPU.Build.0 = Release|Any CPU
		{5EF5306F-C509-4681-926E-3A24ABFDC89A}.Release|iPhone.ActiveCfg = Release|Any CPU
		{5EF5306F-C509-4681-926E-3A24ABFDC89A}.Release|iPhone.Build.0 = Release|Any CPU
		{5EF5306F-C509-4681-926E-3A24ABFDC89A}.Release|iPhoneSimulator.ActiveCfg = Release|Any CPU
		{5EF5306F-C509-4681-926E-3A24ABFDC89A}.Release|iPhoneSimulator.Build.0 = Release|Any CPU
		{639E4917-8752-4959-9F92-5AAEB2921E7A}.Debug|Any CPU.ActiveCfg = Debug|Any CPU
		{639E4917-8752-4959-9F92-5AAEB2921E7A}.Debug|Any CPU.Build.0 = Debug|Any CPU
		{639E4917-8752-4959-9F92-5AAEB2921E7A}.Debug|iPhone.ActiveCfg = Debug|Any CPU
		{639E4917-8752-4959-9F92-5AAEB2921E7A}.Debug|iPhone.Build.0 = Debug|Any CPU
		{639E4917-8752-4959-9F92-5AAEB2921E7A}.Debug|iPhoneSimulator.ActiveCfg = Debug|Any CPU
		{639E4917-8752-4959-9F92-5AAEB2921E7A}.Debug|iPhoneSimulator.Build.0 = Debug|Any CPU
		{639E4917-8752-4959-9F92-5AAEB2921E7A}.Release|Any CPU.ActiveCfg = Release|Any CPU
		{639E4917-8752-4959-9F92-5AAEB2921E7A}.Release|Any CPU.Build.0 = Release|Any CPU
		{639E4917-8752-4959-9F92-5AAEB2921E7A}.Release|iPhone.ActiveCfg = Release|Any CPU
		{639E4917-8752-4959-9F92-5AAEB2921E7A}.Release|iPhone.Build.0 = Release|Any CPU
		{639E4917-8752-4959-9F92-5AAEB2921E7A}.Release|iPhoneSimulator.ActiveCfg = Release|Any CPU
		{639E4917-8752-4959-9F92-5AAEB2921E7A}.Release|iPhoneSimulator.Build.0 = Release|Any CPU
		{04AB29E6-F3D7-4898-A6A7-7DDF9DDA782D}.Debug|Any CPU.ActiveCfg = Debug|Any CPU
		{04AB29E6-F3D7-4898-A6A7-7DDF9DDA782D}.Debug|Any CPU.Build.0 = Debug|Any CPU
		{04AB29E6-F3D7-4898-A6A7-7DDF9DDA782D}.Debug|iPhone.ActiveCfg = Debug|Any CPU
		{04AB29E6-F3D7-4898-A6A7-7DDF9DDA782D}.Debug|iPhone.Build.0 = Debug|Any CPU
		{04AB29E6-F3D7-4898-A6A7-7DDF9DDA782D}.Debug|iPhoneSimulator.ActiveCfg = Debug|Any CPU
		{04AB29E6-F3D7-4898-A6A7-7DDF9DDA782D}.Debug|iPhoneSimulator.Build.0 = Debug|Any CPU
		{04AB29E6-F3D7-4898-A6A7-7DDF9DDA782D}.Release|Any CPU.ActiveCfg = Release|Any CPU
		{04AB29E6-F3D7-4898-A6A7-7DDF9DDA782D}.Release|Any CPU.Build.0 = Release|Any CPU
		{04AB29E6-F3D7-4898-A6A7-7DDF9DDA782D}.Release|iPhone.ActiveCfg = Release|Any CPU
		{04AB29E6-F3D7-4898-A6A7-7DDF9DDA782D}.Release|iPhone.Build.0 = Release|Any CPU
		{04AB29E6-F3D7-4898-A6A7-7DDF9DDA782D}.Release|iPhoneSimulator.ActiveCfg = Release|Any CPU
		{04AB29E6-F3D7-4898-A6A7-7DDF9DDA782D}.Release|iPhoneSimulator.Build.0 = Release|Any CPU
		{8A883F90-3643-4D30-8934-C40E000C86EE}.Debug|Any CPU.ActiveCfg = Debug|Any CPU
		{8A883F90-3643-4D30-8934-C40E000C86EE}.Debug|Any CPU.Build.0 = Debug|Any CPU
		{8A883F90-3643-4D30-8934-C40E000C86EE}.Debug|iPhone.ActiveCfg = Debug|Any CPU
		{8A883F90-3643-4D30-8934-C40E000C86EE}.Debug|iPhone.Build.0 = Debug|Any CPU
		{8A883F90-3643-4D30-8934-C40E000C86EE}.Debug|iPhoneSimulator.ActiveCfg = Debug|Any CPU
		{8A883F90-3643-4D30-8934-C40E000C86EE}.Debug|iPhoneSimulator.Build.0 = Debug|Any CPU
		{8A883F90-3643-4D30-8934-C40E000C86EE}.Release|Any CPU.ActiveCfg = Release|Any CPU
		{8A883F90-3643-4D30-8934-C40E000C86EE}.Release|Any CPU.Build.0 = Release|Any CPU
		{8A883F90-3643-4D30-8934-C40E000C86EE}.Release|iPhone.ActiveCfg = Release|Any CPU
		{8A883F90-3643-4D30-8934-C40E000C86EE}.Release|iPhone.Build.0 = Release|Any CPU
		{8A883F90-3643-4D30-8934-C40E000C86EE}.Release|iPhoneSimulator.ActiveCfg = Release|Any CPU
		{8A883F90-3643-4D30-8934-C40E000C86EE}.Release|iPhoneSimulator.Build.0 = Release|Any CPU
		{4232765A-86C0-443F-8810-63A503EF8126}.Debug|Any CPU.ActiveCfg = Debug|Any CPU
		{4232765A-86C0-443F-8810-63A503EF8126}.Debug|Any CPU.Build.0 = Debug|Any CPU
		{4232765A-86C0-443F-8810-63A503EF8126}.Debug|Any CPU.Deploy.0 = Debug|Any CPU
		{4232765A-86C0-443F-8810-63A503EF8126}.Debug|iPhone.ActiveCfg = Debug|Any CPU
		{4232765A-86C0-443F-8810-63A503EF8126}.Debug|iPhone.Build.0 = Debug|Any CPU
		{4232765A-86C0-443F-8810-63A503EF8126}.Debug|iPhone.Deploy.0 = Debug|Any CPU
		{4232765A-86C0-443F-8810-63A503EF8126}.Debug|iPhoneSimulator.ActiveCfg = Debug|Any CPU
		{4232765A-86C0-443F-8810-63A503EF8126}.Debug|iPhoneSimulator.Build.0 = Debug|Any CPU
		{4232765A-86C0-443F-8810-63A503EF8126}.Debug|iPhoneSimulator.Deploy.0 = Debug|Any CPU
		{4232765A-86C0-443F-8810-63A503EF8126}.Release|Any CPU.ActiveCfg = Release|Any CPU
		{4232765A-86C0-443F-8810-63A503EF8126}.Release|Any CPU.Build.0 = Release|Any CPU
		{4232765A-86C0-443F-8810-63A503EF8126}.Release|Any CPU.Deploy.0 = Release|Any CPU
		{4232765A-86C0-443F-8810-63A503EF8126}.Release|iPhone.ActiveCfg = Release|Any CPU
		{4232765A-86C0-443F-8810-63A503EF8126}.Release|iPhone.Build.0 = Release|Any CPU
		{4232765A-86C0-443F-8810-63A503EF8126}.Release|iPhone.Deploy.0 = Release|Any CPU
		{4232765A-86C0-443F-8810-63A503EF8126}.Release|iPhoneSimulator.ActiveCfg = Release|Any CPU
		{4232765A-86C0-443F-8810-63A503EF8126}.Release|iPhoneSimulator.Build.0 = Release|Any CPU
		{4232765A-86C0-443F-8810-63A503EF8126}.Release|iPhoneSimulator.Deploy.0 = Release|Any CPU
		{D68BD730-E418-4E25-AD03-103A79F5BE97}.Debug|Any CPU.ActiveCfg = Debug|iPhone
		{D68BD730-E418-4E25-AD03-103A79F5BE97}.Debug|iPhone.ActiveCfg = Debug|iPhone
		{D68BD730-E418-4E25-AD03-103A79F5BE97}.Debug|iPhone.Build.0 = Debug|iPhone
		{D68BD730-E418-4E25-AD03-103A79F5BE97}.Debug|iPhoneSimulator.ActiveCfg = Debug|iPhoneSimulator
		{D68BD730-E418-4E25-AD03-103A79F5BE97}.Debug|iPhoneSimulator.Build.0 = Debug|iPhoneSimulator
		{D68BD730-E418-4E25-AD03-103A79F5BE97}.Release|Any CPU.ActiveCfg = Release|iPhone
		{D68BD730-E418-4E25-AD03-103A79F5BE97}.Release|iPhone.ActiveCfg = Release|iPhone
		{D68BD730-E418-4E25-AD03-103A79F5BE97}.Release|iPhone.Build.0 = Release|iPhone
		{D68BD730-E418-4E25-AD03-103A79F5BE97}.Release|iPhoneSimulator.ActiveCfg = Release|iPhoneSimulator
		{D68BD730-E418-4E25-AD03-103A79F5BE97}.Release|iPhoneSimulator.Build.0 = Release|iPhoneSimulator
		{02000F21-5ACF-4D06-B576-64C7CA5DD09E}.Debug|Any CPU.ActiveCfg = Debug|Any CPU
		{02000F21-5ACF-4D06-B576-64C7CA5DD09E}.Debug|Any CPU.Build.0 = Debug|Any CPU
		{02000F21-5ACF-4D06-B576-64C7CA5DD09E}.Debug|iPhone.ActiveCfg = Debug|Any CPU
		{02000F21-5ACF-4D06-B576-64C7CA5DD09E}.Debug|iPhone.Build.0 = Debug|Any CPU
		{02000F21-5ACF-4D06-B576-64C7CA5DD09E}.Debug|iPhoneSimulator.ActiveCfg = Debug|Any CPU
		{02000F21-5ACF-4D06-B576-64C7CA5DD09E}.Debug|iPhoneSimulator.Build.0 = Debug|Any CPU
		{02000F21-5ACF-4D06-B576-64C7CA5DD09E}.Release|Any CPU.ActiveCfg = Release|Any CPU
		{02000F21-5ACF-4D06-B576-64C7CA5DD09E}.Release|Any CPU.Build.0 = Release|Any CPU
		{02000F21-5ACF-4D06-B576-64C7CA5DD09E}.Release|iPhone.ActiveCfg = Release|Any CPU
		{02000F21-5ACF-4D06-B576-64C7CA5DD09E}.Release|iPhone.Build.0 = Release|Any CPU
		{02000F21-5ACF-4D06-B576-64C7CA5DD09E}.Release|iPhoneSimulator.ActiveCfg = Release|Any CPU
		{02000F21-5ACF-4D06-B576-64C7CA5DD09E}.Release|iPhoneSimulator.Build.0 = Release|Any CPU
	EndGlobalSection
	GlobalSection(SolutionProperties) = preSolution
		HideSolutionNode = FALSE
	EndGlobalSection
	GlobalSection(NestedProjects) = preSolution
		{0F5EAE22-BF87-4C41-9365-06F0C1188703} = {0282F530-9A88-421D-A533-343A2CB14A48}
		{BF08C5CC-A481-4EE8-883D-65BD51B75EE3} = {0282F530-9A88-421D-A533-343A2CB14A48}
		{FE5A8C81-A7FC-47FB-96C5-A38BABCB818F} = {E3F07447-75A8-4114-8D6F-10E3C548EE6E}
		{5EF5306F-C509-4681-926E-3A24ABFDC89A} = {E3F07447-75A8-4114-8D6F-10E3C548EE6E}
		{639E4917-8752-4959-9F92-5AAEB2921E7A} = {E3F07447-75A8-4114-8D6F-10E3C548EE6E}
		{04AB29E6-F3D7-4898-A6A7-7DDF9DDA782D} = {7171C073-4B41-40EA-A76E-31CB251CD998}
		{8A883F90-3643-4D30-8934-C40E000C86EE} = {8391949A-B6C0-473A-A463-5FFBD0DE730E}
		{CA3C4482-7A36-4D0D-BA87-651E46FD48DD} = {5E9BDB64-40C4-4399-B6A0-260E43947229}
		{DB2ACCE3-BB34-4BB8-8396-5C36164990B4} = {5E9BDB64-40C4-4399-B6A0-260E43947229}
		{4232765A-86C0-443F-8810-63A503EF8126} = {DB2ACCE3-BB34-4BB8-8396-5C36164990B4}
		{D68BD730-E418-4E25-AD03-103A79F5BE97} = {DB2ACCE3-BB34-4BB8-8396-5C36164990B4}
		{02000F21-5ACF-4D06-B576-64C7CA5DD09E} = {CA3C4482-7A36-4D0D-BA87-651E46FD48DD}
	EndGlobalSection
	GlobalSection(ExtensibilityGlobals) = postSolution
		SolutionGuid = {680B9730-E225-4B3E-8896-E347C792359D}
	EndGlobalSection
EndGlobal
